
Microsoft Visual Studio Solution File, Format Version 12.00
# Visual Studio Version 17
VisualStudioVersion = 17.6.33815.320
MinimumVisualStudioVersion = 10.0.40219.1
Project("{FAE04EC0-301F-11D3-BF4B-00C04F79EFBC}") = "challenge_WoowUp", "challenge_WoowUp\challenge_WoowUp.csproj", "{BE0078EB-085A-4E56-A71F-DD76655BB9C7}"
EndProject
Project("{FAE04EC0-301F-11D3-BF4B-00C04F79EFBC}") = "Tests", "Tests\Tests.csproj", "{9C20EC47-E3E3-494B-BE1A-C7708DCF0EC6}"
EndProject
Global
	GlobalSection(SolutionConfigurationPlatforms) = preSolution
		Debug|Any CPU = Debug|Any CPU
		Release|Any CPU = Release|Any CPU
	EndGlobalSection
	GlobalSection(ProjectConfigurationPlatforms) = postSolution
		{BE0078EB-085A-4E56-A71F-DD76655BB9C7}.Debug|Any CPU.ActiveCfg = Debug|Any CPU
		{BE0078EB-085A-4E56-A71F-DD76655BB9C7}.Debug|Any CPU.Build.0 = Debug|Any CPU
		{BE0078EB-085A-4E56-A71F-DD76655BB9C7}.Release|Any CPU.ActiveCfg = Release|Any CPU
		{BE0078EB-085A-4E56-A71F-DD76655BB9C7}.Release|Any CPU.Build.0 = Release|Any CPU
		{9C20EC47-E3E3-494B-BE1A-C7708DCF0EC6}.Debug|Any CPU.ActiveCfg = Debug|Any CPU
		{9C20EC47-E3E3-494B-BE1A-C7708DCF0EC6}.Debug|Any CPU.Build.0 = Debug|Any CPU
		{9C20EC47-E3E3-494B-BE1A-C7708DCF0EC6}.Release|Any CPU.ActiveCfg = Release|Any CPU
		{9C20EC47-E3E3-494B-BE1A-C7708DCF0EC6}.Release|Any CPU.Build.0 = Release|Any CPU
	EndGlobalSection
	GlobalSection(SolutionProperties) = preSolution
		HideSolutionNode = FALSE
	EndGlobalSection
	GlobalSection(ExtensibilityGlobals) = postSolution
		SolutionGuid = {FB27E42A-9836-4D01-AF12-BD85029DA7C5}
	EndGlobalSection
EndGlobal
